// !$*UTF8*$!
{
	archiveVersion = 1;
	classes = {
	};
	objectVersion = 46;
	objects = {

/* Begin PBXBuildFile section */
		190041841BD1C3C600D2A249 /* main.m in Sources */ = {isa = PBXBuildFile; fileRef = 190041831BD1C3C600D2A249 /* main.m */; };
		190041871BD1C3C600D2A249 /* AppDelegate.m in Sources */ = {isa = PBXBuildFile; fileRef = 190041861BD1C3C600D2A249 /* AppDelegate.m */; };
		190041901BD1C3C600D2A249 /* fitnessmebel.xcdatamodeld in Sources */ = {isa = PBXBuildFile; fileRef = 1900418E1BD1C3C600D2A249 /* fitnessmebel.xcdatamodeld */; };
		190041921BD1C3C600D2A249 /* Assets.xcassets in Resources */ = {isa = PBXBuildFile; fileRef = 190041911BD1C3C600D2A249 /* Assets.xcassets */; };
		190041951BD1C3C600D2A249 /* LaunchScreen.storyboard in Resources */ = {isa = PBXBuildFile; fileRef = 190041931BD1C3C600D2A249 /* LaunchScreen.storyboard */; };
		19585FFB1E72D3690088C7F9 /* AVFurnitureDetailedCell.m in Sources */ = {isa = PBXBuildFile; fileRef = 19585FFA1E72D3690088C7F9 /* AVFurnitureDetailedCell.m */; };
		19585FFE1E7494270088C7F9 /* AVMenuCell.m in Sources */ = {isa = PBXBuildFile; fileRef = 19585FFD1E7494270088C7F9 /* AVMenuCell.m */; };
		195860141E7585470088C7F9 /* accessory.png in Resources */ = {isa = PBXBuildFile; fileRef = 195860031E7585470088C7F9 /* accessory.png */; };
		195860151E7585470088C7F9 /* bar.png in Resources */ = {isa = PBXBuildFile; fileRef = 195860041E7585470088C7F9 /* bar.png */; };
		195860161E7585470088C7F9 /* CAB.png in Resources */ = {isa = PBXBuildFile; fileRef = 195860051E7585470088C7F9 /* CAB.png */; };
		195860171E7585470088C7F9 /* colors.png in Resources */ = {isa = PBXBuildFile; fileRef = 195860061E7585470088C7F9 /* colors.png */; };
		195860181E7585470088C7F9 /* contacts.png in Resources */ = {isa = PBXBuildFile; fileRef = 195860071E7585470088C7F9 /* contacts.png */; };
		195860191E7585470088C7F9 /* dressing_room.png in Resources */ = {isa = PBXBuildFile; fileRef = 195860081E7585470088C7F9 /* dressing_room.png */; };
		1958601A1E7585470088C7F9 /* gallery.png in Resources */ = {isa = PBXBuildFile; fileRef = 195860091E7585470088C7F9 /* gallery.png */; };
		1958601B1E7585470088C7F9 /* home.png in Resources */ = {isa = PBXBuildFile; fileRef = 1958600A1E7585470088C7F9 /* home.png */; };
		1958601C1E7585470088C7F9 /* icons-1.png in Resources */ = {isa = PBXBuildFile; fileRef = 1958600B1E7585470088C7F9 /* icons-1.png */; };
		1958601D1E7585470088C7F9 /* icons-1old.png in Resources */ = {isa = PBXBuildFile; fileRef = 1958600C1E7585470088C7F9 /* icons-1old.png */; };
		1958601E1E7585470088C7F9 /* lock.png in Resources */ = {isa = PBXBuildFile; fileRef = 1958600D1E7585470088C7F9 /* lock.png */; };
		1958601F1E7585470088C7F9 /* mail.png in Resources */ = {isa = PBXBuildFile; fileRef = 1958600E1E7585470088C7F9 /* mail.png */; };
		195860201E7585470088C7F9 /* map.png in Resources */ = {isa = PBXBuildFile; fileRef = 1958600F1E7585470088C7F9 /* map.png */; };
		195860211E7585470088C7F9 /* reception.png in Resources */ = {isa = PBXBuildFile; fileRef = 195860101E7585470088C7F9 /* reception.png */; };
		195860221E7585470088C7F9 /* safe.png in Resources */ = {isa = PBXBuildFile; fileRef = 195860111E7585470088C7F9 /* safe.png */; };
		195860231E7585470088C7F9 /* shkafi.png in Resources */ = {isa = PBXBuildFile; fileRef = 195860121E7585470088C7F9 /* shkafi.png */; };
		195860241E7585470088C7F9 /* skameiki.png in Resources */ = {isa = PBXBuildFile; fileRef = 195860131E7585470088C7F9 /* skameiki.png */; };
		195860281E7587970088C7F9 /* AVMenuItem.m in Sources */ = {isa = PBXBuildFile; fileRef = 195860271E7587970088C7F9 /* AVMenuItem.m */; };
		1958602B1E76F1640088C7F9 /* AVRestKitObjectManager.m in Sources */ = {isa = PBXBuildFile; fileRef = 1958602A1E76F1640088C7F9 /* AVRestKitObjectManager.m */; };
		1958602E1E801BB80088C7F9 /* AVFurnitureTableViewController.m in Sources */ = {isa = PBXBuildFile; fileRef = 1958602D1E801BB80088C7F9 /* AVFurnitureTableViewController.m */; };
		195860311E801C7E0088C7F9 /* AVGalleryCollectionViewController.m in Sources */ = {isa = PBXBuildFile; fileRef = 195860301E801C7E0088C7F9 /* AVGalleryCollectionViewController.m */; };
		195860341E801C970088C7F9 /* AVColorsCollectionViewController.m in Sources */ = {isa = PBXBuildFile; fileRef = 195860331E801C970088C7F9 /* AVColorsCollectionViewController.m */; };
		195860371E801CBD0088C7F9 /* AVContactsViewController.m in Sources */ = {isa = PBXBuildFile; fileRef = 195860361E801CBD0088C7F9 /* AVContactsViewController.m */; };
		1958603E1E818A490088C7F9 /* AllAroundPullView.m in Sources */ = {isa = PBXBuildFile; fileRef = 1958603D1E818A490088C7F9 /* AllAroundPullView.m */; };
		195860421E818A830088C7F9 /* arrow.png in Resources */ = {isa = PBXBuildFile; fileRef = 195860401E818A830088C7F9 /* arrow.png */; };
		195860431E818A830088C7F9 /* arrow@2x.png in Resources */ = {isa = PBXBuildFile; fileRef = 195860411E818A830088C7F9 /* arrow@2x.png */; };
		195860461E818B530088C7F9 /* AVCellThumbnailView.m in Sources */ = {isa = PBXBuildFile; fileRef = 195860451E818B530088C7F9 /* AVCellThumbnailView.m */; };
		1958604D1E818C320088C7F9 /* UIImage+Resize.m in Sources */ = {isa = PBXBuildFile; fileRef = 195860491E818C320088C7F9 /* UIImage+Resize.m */; };
		1958604E1E818C320088C7F9 /* NSString+Marvel.m in Sources */ = {isa = PBXBuildFile; fileRef = 1958604B1E818C320088C7F9 /* NSString+Marvel.m */; };
		19E69C511E71B7CF00DD79FE /* AVMenuTableViewController.m in Sources */ = {isa = PBXBuildFile; fileRef = 19E69C501E71B7CF00DD79FE /* AVMenuTableViewController.m */; };
		818ABD95200EDC48E1AB11DF /* libPods-fitnessmebel.a in Frameworks */ = {isa = PBXBuildFile; fileRef = 8811BF61947A0087FFA71F4E /* libPods-fitnessmebel.a */; };
/* End PBXBuildFile section */

/* Begin PBXFileReference section */
		1900417F1BD1C3C600D2A249 /* fitnessmebel.app */ = {isa = PBXFileReference; explicitFileType = wrapper.application; includeInIndex = 0; path = fitnessmebel.app; sourceTree = BUILT_PRODUCTS_DIR; };
		190041831BD1C3C600D2A249 /* main.m */ = {isa = PBXFileReference; lastKnownFileType = sourcecode.c.objc; path = main.m; sourceTree = "<group>"; };
		190041851BD1C3C600D2A249 /* AppDelegate.h */ = {isa = PBXFileReference; lastKnownFileType = sourcecode.c.h; path = AppDelegate.h; sourceTree = "<group>"; };
		190041861BD1C3C600D2A249 /* AppDelegate.m */ = {isa = PBXFileReference; lastKnownFileType = sourcecode.c.objc; path = AppDelegate.m; sourceTree = "<group>"; };
		1900418F1BD1C3C600D2A249 /* fitnessmebel.xcdatamodel */ = {isa = PBXFileReference; lastKnownFileType = wrapper.xcdatamodel; path = fitnessmebel.xcdatamodel; sourceTree = "<group>"; };
		190041911BD1C3C600D2A249 /* Assets.xcassets */ = {isa = PBXFileReference; lastKnownFileType = folder.assetcatalog; path = Assets.xcassets; sourceTree = "<group>"; };
		190041941BD1C3C600D2A249 /* Base */ = {isa = PBXFileReference; lastKnownFileType = file.storyboard; name = Base; path = Base.lproj/LaunchScreen.storyboard; sourceTree = "<group>"; };
		190041961BD1C3C600D2A249 /* Info.plist */ = {isa = PBXFileReference; lastKnownFileType = text.plist.xml; path = Info.plist; sourceTree = "<group>"; };
		19585FF91E72D3690088C7F9 /* AVFurnitureDetailedCell.h */ = {isa = PBXFileReference; fileEncoding = 4; lastKnownFileType = sourcecode.c.h; path = AVFurnitureDetailedCell.h; sourceTree = "<group>"; };
		19585FFA1E72D3690088C7F9 /* AVFurnitureDetailedCell.m */ = {isa = PBXFileReference; fileEncoding = 4; lastKnownFileType = sourcecode.c.objc; path = AVFurnitureDetailedCell.m; sourceTree = "<group>"; };
		19585FFC1E7494270088C7F9 /* AVMenuCell.h */ = {isa = PBXFileReference; fileEncoding = 4; lastKnownFileType = sourcecode.c.h; path = AVMenuCell.h; sourceTree = "<group>"; };
		19585FFD1E7494270088C7F9 /* AVMenuCell.m */ = {isa = PBXFileReference; fileEncoding = 4; lastKnownFileType = sourcecode.c.objc; path = AVMenuCell.m; sourceTree = "<group>"; };
		195860031E7585470088C7F9 /* accessory.png */ = {isa = PBXFileReference; lastKnownFileType = image.png; path = accessory.png; sourceTree = "<group>"; };
		195860041E7585470088C7F9 /* bar.png */ = {isa = PBXFileReference; lastKnownFileType = image.png; path = bar.png; sourceTree = "<group>"; };
		195860051E7585470088C7F9 /* CAB.png */ = {isa = PBXFileReference; lastKnownFileType = image.png; path = CAB.png; sourceTree = "<group>"; };
		195860061E7585470088C7F9 /* colors.png */ = {isa = PBXFileReference; lastKnownFileType = image.png; path = colors.png; sourceTree = "<group>"; };
		195860071E7585470088C7F9 /* contacts.png */ = {isa = PBXFileReference; lastKnownFileType = image.png; path = contacts.png; sourceTree = "<group>"; };
		195860081E7585470088C7F9 /* dressing_room.png */ = {isa = PBXFileReference; lastKnownFileType = image.png; path = dressing_room.png; sourceTree = "<group>"; };
		195860091E7585470088C7F9 /* gallery.png */ = {isa = PBXFileReference; lastKnownFileType = image.png; path = gallery.png; sourceTree = "<group>"; };
		1958600A1E7585470088C7F9 /* home.png */ = {isa = PBXFileReference; lastKnownFileType = image.png; path = home.png; sourceTree = "<group>"; };
		1958600B1E7585470088C7F9 /* icons-1.png */ = {isa = PBXFileReference; lastKnownFileType = image.png; path = "icons-1.png"; sourceTree = "<group>"; };
		1958600C1E7585470088C7F9 /* icons-1old.png */ = {isa = PBXFileReference; lastKnownFileType = image.png; path = "icons-1old.png"; sourceTree = "<group>"; };
		1958600D1E7585470088C7F9 /* lock.png */ = {isa = PBXFileReference; lastKnownFileType = image.png; path = lock.png; sourceTree = "<group>"; };
		1958600E1E7585470088C7F9 /* mail.png */ = {isa = PBXFileReference; lastKnownFileType = image.png; path = mail.png; sourceTree = "<group>"; };
		1958600F1E7585470088C7F9 /* map.png */ = {isa = PBXFileReference; lastKnownFileType = image.png; path = map.png; sourceTree = "<group>"; };
		195860101E7585470088C7F9 /* reception.png */ = {isa = PBXFileReference; lastKnownFileType = image.png; path = reception.png; sourceTree = "<group>"; };
		195860111E7585470088C7F9 /* safe.png */ = {isa = PBXFileReference; lastKnownFileType = image.png; path = safe.png; sourceTree = "<group>"; };
		195860121E7585470088C7F9 /* shkafi.png */ = {isa = PBXFileReference; lastKnownFileType = image.png; path = shkafi.png; sourceTree = "<group>"; };
		195860131E7585470088C7F9 /* skameiki.png */ = {isa = PBXFileReference; lastKnownFileType = image.png; path = skameiki.png; sourceTree = "<group>"; };
		195860261E7587970088C7F9 /* AVMenuItem.h */ = {isa = PBXFileReference; fileEncoding = 4; lastKnownFileType = sourcecode.c.h; path = AVMenuItem.h; sourceTree = "<group>"; };
		195860271E7587970088C7F9 /* AVMenuItem.m */ = {isa = PBXFileReference; fileEncoding = 4; lastKnownFileType = sourcecode.c.objc; path = AVMenuItem.m; sourceTree = "<group>"; };
		195860291E76F1640088C7F9 /* AVRestKitObjectManager.h */ = {isa = PBXFileReference; fileEncoding = 4; lastKnownFileType = sourcecode.c.h; path = AVRestKitObjectManager.h; sourceTree = "<group>"; };
		1958602A1E76F1640088C7F9 /* AVRestKitObjectManager.m */ = {isa = PBXFileReference; fileEncoding = 4; lastKnownFileType = sourcecode.c.objc; path = AVRestKitObjectManager.m; sourceTree = "<group>"; };
		1958602C1E801BB80088C7F9 /* AVFurnitureTableViewController.h */ = {isa = PBXFileReference; fileEncoding = 4; lastKnownFileType = sourcecode.c.h; path = AVFurnitureTableViewController.h; sourceTree = "<group>"; };
		1958602D1E801BB80088C7F9 /* AVFurnitureTableViewController.m */ = {isa = PBXFileReference; fileEncoding = 4; lastKnownFileType = sourcecode.c.objc; path = AVFurnitureTableViewController.m; sourceTree = "<group>"; };
		1958602F1E801C7E0088C7F9 /* AVGalleryCollectionViewController.h */ = {isa = PBXFileReference; fileEncoding = 4; lastKnownFileType = sourcecode.c.h; path = AVGalleryCollectionViewController.h; sourceTree = "<group>"; };
		195860301E801C7E0088C7F9 /* AVGalleryCollectionViewController.m */ = {isa = PBXFileReference; fileEncoding = 4; lastKnownFileType = sourcecode.c.objc; path = AVGalleryCollectionViewController.m; sourceTree = "<group>"; };
		195860321E801C970088C7F9 /* AVColorsCollectionViewController.h */ = {isa = PBXFileReference; fileEncoding = 4; lastKnownFileType = sourcecode.c.h; path = AVColorsCollectionViewController.h; sourceTree = "<group>"; };
		195860331E801C970088C7F9 /* AVColorsCollectionViewController.m */ = {isa = PBXFileReference; fileEncoding = 4; lastKnownFileType = sourcecode.c.objc; path = AVColorsCollectionViewController.m; sourceTree = "<group>"; };
		195860351E801CBD0088C7F9 /* AVContactsViewController.h */ = {isa = PBXFileReference; fileEncoding = 4; lastKnownFileType = sourcecode.c.h; path = AVContactsViewController.h; sourceTree = "<group>"; };
		195860361E801CBD0088C7F9 /* AVContactsViewController.m */ = {isa = PBXFileReference; fileEncoding = 4; lastKnownFileType = sourcecode.c.objc; path = AVContactsViewController.m; sourceTree = "<group>"; };
		1958603A1E8026E40088C7F9 /* Fitnessmebel-Prefix.pch */ = {isa = PBXFileReference; lastKnownFileType = sourcecode.c.h; path = "Fitnessmebel-Prefix.pch"; sourceTree = "<group>"; };
		1958603C1E818A490088C7F9 /* AllAroundPullView.h */ = {isa = PBXFileReference; fileEncoding = 4; lastKnownFileType = sourcecode.c.h; path = AllAroundPullView.h; sourceTree = "<group>"; };
		1958603D1E818A490088C7F9 /* AllAroundPullView.m */ = {isa = PBXFileReference; fileEncoding = 4; lastKnownFileType = sourcecode.c.objc; path = AllAroundPullView.m; sourceTree = "<group>"; };
		195860401E818A830088C7F9 /* arrow.png */ = {isa = PBXFileReference; lastKnownFileType = image.png; path = arrow.png; sourceTree = "<group>"; };
		195860411E818A830088C7F9 /* arrow@2x.png */ = {isa = PBXFileReference; lastKnownFileType = image.png; path = "arrow@2x.png"; sourceTree = "<group>"; };
		195860441E818B530088C7F9 /* AVCellThumbnailView.h */ = {isa = PBXFileReference; fileEncoding = 4; lastKnownFileType = sourcecode.c.h; path = AVCellThumbnailView.h; sourceTree = "<group>"; };
		195860451E818B530088C7F9 /* AVCellThumbnailView.m */ = {isa = PBXFileReference; fileEncoding = 4; lastKnownFileType = sourcecode.c.objc; path = AVCellThumbnailView.m; sourceTree = "<group>"; };
		195860481E818C320088C7F9 /* UIImage+Resize.h */ = {isa = PBXFileReference; fileEncoding = 4; lastKnownFileType = sourcecode.c.h; path = "UIImage+Resize.h"; sourceTree = "<group>"; };
		195860491E818C320088C7F9 /* UIImage+Resize.m */ = {isa = PBXFileReference; fileEncoding = 4; lastKnownFileType = sourcecode.c.objc; path = "UIImage+Resize.m"; sourceTree = "<group>"; };
		1958604A1E818C320088C7F9 /* NSString+Marvel.h */ = {isa = PBXFileReference; fileEncoding = 4; lastKnownFileType = sourcecode.c.h; path = "NSString+Marvel.h"; sourceTree = "<group>"; };
		1958604B1E818C320088C7F9 /* NSString+Marvel.m */ = {isa = PBXFileReference; fileEncoding = 4; lastKnownFileType = sourcecode.c.objc; path = "NSString+Marvel.m"; sourceTree = "<group>"; };
		1958604C1E818C320088C7F9 /* Categories.h */ = {isa = PBXFileReference; fileEncoding = 4; lastKnownFileType = sourcecode.c.h; path = Categories.h; sourceTree = "<group>"; };
		195860681E81AECA0088C7F9 /* Accessory+CoreDataClass.h */ = {isa = PBXFileReference; fileEncoding = 4; lastKnownFileType = sourcecode.c.h; path = "Accessory+CoreDataClass.h"; sourceTree = "<group>"; };
		195860691E81AECA0088C7F9 /* Accessory+CoreDataClass.m */ = {isa = PBXFileReference; fileEncoding = 4; lastKnownFileType = sourcecode.c.objc; path = "Accessory+CoreDataClass.m"; sourceTree = "<group>"; };
		1958606A1E81AECA0088C7F9 /* Accessory+CoreDataProperties.h */ = {isa = PBXFileReference; fileEncoding = 4; lastKnownFileType = sourcecode.c.h; path = "Accessory+CoreDataProperties.h"; sourceTree = "<group>"; };
		1958606B1E81AECA0088C7F9 /* Accessory+CoreDataProperties.m */ = {isa = PBXFileReference; fileEncoding = 4; lastKnownFileType = sourcecode.c.objc; path = "Accessory+CoreDataProperties.m"; sourceTree = "<group>"; };
		1958606C1E81AECA0088C7F9 /* Colors+CoreDataClass.h */ = {isa = PBXFileReference; fileEncoding = 4; lastKnownFileType = sourcecode.c.h; path = "Colors+CoreDataClass.h"; sourceTree = "<group>"; };
		1958606D1E81AECA0088C7F9 /* Colors+CoreDataClass.m */ = {isa = PBXFileReference; fileEncoding = 4; lastKnownFileType = sourcecode.c.objc; path = "Colors+CoreDataClass.m"; sourceTree = "<group>"; };
		1958606E1E81AECA0088C7F9 /* Colors+CoreDataProperties.h */ = {isa = PBXFileReference; fileEncoding = 4; lastKnownFileType = sourcecode.c.h; path = "Colors+CoreDataProperties.h"; sourceTree = "<group>"; };
		1958606F1E81AECA0088C7F9 /* Colors+CoreDataProperties.m */ = {isa = PBXFileReference; fileEncoding = 4; lastKnownFileType = sourcecode.c.objc; path = "Colors+CoreDataProperties.m"; sourceTree = "<group>"; };
		195860701E81AECA0088C7F9 /* Bench+CoreDataClass.h */ = {isa = PBXFileReference; fileEncoding = 4; lastKnownFileType = sourcecode.c.h; path = "Bench+CoreDataClass.h"; sourceTree = "<group>"; };
		195860711E81AECA0088C7F9 /* Bench+CoreDataClass.m */ = {isa = PBXFileReference; fileEncoding = 4; lastKnownFileType = sourcecode.c.objc; path = "Bench+CoreDataClass.m"; sourceTree = "<group>"; };
		195860721E81AECA0088C7F9 /* Bench+CoreDataProperties.h */ = {isa = PBXFileReference; fileEncoding = 4; lastKnownFileType = sourcecode.c.h; path = "Bench+CoreDataProperties.h"; sourceTree = "<group>"; };
		195860731E81AECA0088C7F9 /* Bench+CoreDataProperties.m */ = {isa = PBXFileReference; fileEncoding = 4; lastKnownFileType = sourcecode.c.objc; path = "Bench+CoreDataProperties.m"; sourceTree = "<group>"; };
		195860741E81AECA0088C7F9 /* Furniture+CoreDataClass.h */ = {isa = PBXFileReference; fileEncoding = 4; lastKnownFileType = sourcecode.c.h; path = "Furniture+CoreDataClass.h"; sourceTree = "<group>"; };
		195860751E81AECA0088C7F9 /* Furniture+CoreDataClass.m */ = {isa = PBXFileReference; fileEncoding = 4; lastKnownFileType = sourcecode.c.objc; path = "Furniture+CoreDataClass.m"; sourceTree = "<group>"; };
		195860761E81AECA0088C7F9 /* Furniture+CoreDataProperties.h */ = {isa = PBXFileReference; fileEncoding = 4; lastKnownFileType = sourcecode.c.h; path = "Furniture+CoreDataProperties.h"; sourceTree = "<group>"; };
		195860771E81AECA0088C7F9 /* Furniture+CoreDataProperties.m */ = {isa = PBXFileReference; fileEncoding = 4; lastKnownFileType = sourcecode.c.objc; path = "Furniture+CoreDataProperties.m"; sourceTree = "<group>"; };
		195860781E81AECA0088C7F9 /* Gallery+CoreDataClass.h */ = {isa = PBXFileReference; fileEncoding = 4; lastKnownFileType = sourcecode.c.h; path = "Gallery+CoreDataClass.h"; sourceTree = "<group>"; };
		195860791E81AECA0088C7F9 /* Gallery+CoreDataClass.m */ = {isa = PBXFileReference; fileEncoding = 4; lastKnownFileType = sourcecode.c.objc; path = "Gallery+CoreDataClass.m"; sourceTree = "<group>"; };
		1958607A1E81AECA0088C7F9 /* Gallery+CoreDataProperties.h */ = {isa = PBXFileReference; fileEncoding = 4; lastKnownFileType = sourcecode.c.h; path = "Gallery+CoreDataProperties.h"; sourceTree = "<group>"; };
		1958607B1E81AECA0088C7F9 /* Gallery+CoreDataProperties.m */ = {isa = PBXFileReference; fileEncoding = 4; lastKnownFileType = sourcecode.c.objc; path = "Gallery+CoreDataProperties.m"; sourceTree = "<group>"; };
		19E69C4F1E71B7CF00DD79FE /* AVMenuTableViewController.h */ = {isa = PBXFileReference; fileEncoding = 4; lastKnownFileType = sourcecode.c.h; path = AVMenuTableViewController.h; sourceTree = "<group>"; };
		19E69C501E71B7CF00DD79FE /* AVMenuTableViewController.m */ = {isa = PBXFileReference; fileEncoding = 4; lastKnownFileType = sourcecode.c.objc; path = AVMenuTableViewController.m; sourceTree = "<group>"; };
		8811BF61947A0087FFA71F4E /* libPods-fitnessmebel.a */ = {isa = PBXFileReference; explicitFileType = archive.ar; includeInIndex = 0; path = "libPods-fitnessmebel.a"; sourceTree = BUILT_PRODUCTS_DIR; };
		A37071A8D2B9EA243A26566E /* Pods-fitnessmebel.release.xcconfig */ = {isa = PBXFileReference; includeInIndex = 1; lastKnownFileType = text.xcconfig; name = "Pods-fitnessmebel.release.xcconfig"; path = "Pods/Target Support Files/Pods-fitnessmebel/Pods-fitnessmebel.release.xcconfig"; sourceTree = "<group>"; };
		B5E561D7E4B518FC6138EF1D /* Pods-fitnessmebel.debug.xcconfig */ = {isa = PBXFileReference; includeInIndex = 1; lastKnownFileType = text.xcconfig; name = "Pods-fitnessmebel.debug.xcconfig"; path = "Pods/Target Support Files/Pods-fitnessmebel/Pods-fitnessmebel.debug.xcconfig"; sourceTree = "<group>"; };
/* End PBXFileReference section */

/* Begin PBXFrameworksBuildPhase section */
		1900417C1BD1C3C600D2A249 /* Frameworks */ = {
			isa = PBXFrameworksBuildPhase;
			buildActionMask = 2147483647;
			files = (
				818ABD95200EDC48E1AB11DF /* libPods-fitnessmebel.a in Frameworks */,
			);
			runOnlyForDeploymentPostprocessing = 0;
		};
/* End PBXFrameworksBuildPhase section */

/* Begin PBXGroup section */
		190041761BD1C3C600D2A249 = {
			isa = PBXGroup;
			children = (
				190041811BD1C3C600D2A249 /* fitnessmebel */,
				190041801BD1C3C600D2A249 /* Products */,
				EDBAEFF22DEE0B95572A262E /* Pods */,
				FF231720829727401A3F41FB /* Frameworks */,
			);
			sourceTree = "<group>";
		};
		190041801BD1C3C600D2A249 /* Products */ = {
			isa = PBXGroup;
			children = (
				1900417F1BD1C3C600D2A249 /* fitnessmebel.app */,
			);
			name = Products;
			sourceTree = "<group>";
		};
		190041811BD1C3C600D2A249 /* fitnessmebel */ = {
			isa = PBXGroup;
			children = (
				195860471E818C040088C7F9 /* Categories */,
				195860381E801D050088C7F9 /* RestKit Manager */,
				19585FF81E72D3420088C7F9 /* Cells */,
				1900419E1BD1C56500D2A249 /* Models */,
				1900419D1BD1C55400D2A249 /* Views */,
				1900419C1BD1C54400D2A249 /* Controllers */,
				190041851BD1C3C600D2A249 /* AppDelegate.h */,
				190041861BD1C3C600D2A249 /* AppDelegate.m */,
				190041911BD1C3C600D2A249 /* Assets.xcassets */,
				190041931BD1C3C600D2A249 /* LaunchScreen.storyboard */,
				190041961BD1C3C600D2A249 /* Info.plist */,
				1900418E1BD1C3C600D2A249 /* fitnessmebel.xcdatamodeld */,
				19585FFF1E7498670088C7F9 /* images */,
				190041821BD1C3C600D2A249 /* Supporting Files */,
			);
			path = fitnessmebel;
			sourceTree = "<group>";
		};
		190041821BD1C3C600D2A249 /* Supporting Files */ = {
			isa = PBXGroup;
			children = (
				190041831BD1C3C600D2A249 /* main.m */,
				1958603A1E8026E40088C7F9 /* Fitnessmebel-Prefix.pch */,
			);
			name = "Supporting Files";
			sourceTree = "<group>";
		};
		1900419C1BD1C54400D2A249 /* Controllers */ = {
			isa = PBXGroup;
			children = (
				19E69C4F1E71B7CF00DD79FE /* AVMenuTableViewController.h */,
				19E69C501E71B7CF00DD79FE /* AVMenuTableViewController.m */,
				1958602C1E801BB80088C7F9 /* AVFurnitureTableViewController.h */,
				1958602D1E801BB80088C7F9 /* AVFurnitureTableViewController.m */,
				1958602F1E801C7E0088C7F9 /* AVGalleryCollectionViewController.h */,
				195860301E801C7E0088C7F9 /* AVGalleryCollectionViewController.m */,
				195860321E801C970088C7F9 /* AVColorsCollectionViewController.h */,
				195860331E801C970088C7F9 /* AVColorsCollectionViewController.m */,
				195860351E801CBD0088C7F9 /* AVContactsViewController.h */,
				195860361E801CBD0088C7F9 /* AVContactsViewController.m */,
			);
			name = Controllers;
			sourceTree = "<group>";
		};
		1900419D1BD1C55400D2A249 /* Views */ = {
			isa = PBXGroup;
			children = (
				1958603C1E818A490088C7F9 /* AllAroundPullView.h */,
				1958603D1E818A490088C7F9 /* AllAroundPullView.m */,
				195860441E818B530088C7F9 /* AVCellThumbnailView.h */,
				195860451E818B530088C7F9 /* AVCellThumbnailView.m */,
			);
			name = Views;
			sourceTree = "<group>";
		};
		1900419E1BD1C56500D2A249 /* Models */ = {
			isa = PBXGroup;
			children = (
				1958604F1E818DD20088C7F9 /* Core Data */,
				195860251E7587720088C7F9 /* Menu models */,
			);
			name = Models;
			sourceTree = "<group>";
		};
		19585FF81E72D3420088C7F9 /* Cells */ = {
			isa = PBXGroup;
			children = (
				19585FF91E72D3690088C7F9 /* AVFurnitureDetailedCell.h */,
				19585FFA1E72D3690088C7F9 /* AVFurnitureDetailedCell.m */,
				19585FFC1E7494270088C7F9 /* AVMenuCell.h */,
				19585FFD1E7494270088C7F9 /* AVMenuCell.m */,
			);
			name = Cells;
			sourceTree = "<group>";
		};
		19585FFF1E7498670088C7F9 /* images */ = {
			isa = PBXGroup;
			children = (
				1958603F1E818A620088C7F9 /* AllAroundPullView */,
				195860021E7585470088C7F9 /* menu icons */,
			);
			name = images;
			sourceTree = "<group>";
		};
		195860021E7585470088C7F9 /* menu icons */ = {
			isa = PBXGroup;
			children = (
				195860031E7585470088C7F9 /* accessory.png */,
				195860041E7585470088C7F9 /* bar.png */,
				195860051E7585470088C7F9 /* CAB.png */,
				195860061E7585470088C7F9 /* colors.png */,
				195860071E7585470088C7F9 /* contacts.png */,
				195860081E7585470088C7F9 /* dressing_room.png */,
				195860091E7585470088C7F9 /* gallery.png */,
				1958600A1E7585470088C7F9 /* home.png */,
				1958600B1E7585470088C7F9 /* icons-1.png */,
				1958600C1E7585470088C7F9 /* icons-1old.png */,
				1958600D1E7585470088C7F9 /* lock.png */,
				1958600E1E7585470088C7F9 /* mail.png */,
				1958600F1E7585470088C7F9 /* map.png */,
				195860101E7585470088C7F9 /* reception.png */,
				195860111E7585470088C7F9 /* safe.png */,
				195860121E7585470088C7F9 /* shkafi.png */,
				195860131E7585470088C7F9 /* skameiki.png */,
			);
			name = "menu icons";
			path = new_icons;
			sourceTree = "<group>";
		};
		195860251E7587720088C7F9 /* Menu models */ = {
			isa = PBXGroup;
			children = (
				195860261E7587970088C7F9 /* AVMenuItem.h */,
				195860271E7587970088C7F9 /* AVMenuItem.m */,
			);
			name = "Menu models";
			sourceTree = "<group>";
		};
		195860381E801D050088C7F9 /* RestKit Manager */ = {
			isa = PBXGroup;
			children = (
				195860291E76F1640088C7F9 /* AVRestKitObjectManager.h */,
				1958602A1E76F1640088C7F9 /* AVRestKitObjectManager.m */,
			);
			name = "RestKit Manager";
			sourceTree = "<group>";
		};
		1958603F1E818A620088C7F9 /* AllAroundPullView */ = {
			isa = PBXGroup;
			children = (
				195860401E818A830088C7F9 /* arrow.png */,
				195860411E818A830088C7F9 /* arrow@2x.png */,
			);
			name = AllAroundPullView;
			sourceTree = "<group>";
		};
		195860471E818C040088C7F9 /* Categories */ = {
			isa = PBXGroup;
			children = (
				195860481E818C320088C7F9 /* UIImage+Resize.h */,
				195860491E818C320088C7F9 /* UIImage+Resize.m */,
				1958604A1E818C320088C7F9 /* NSString+Marvel.h */,
				1958604B1E818C320088C7F9 /* NSString+Marvel.m */,
				1958604C1E818C320088C7F9 /* Categories.h */,
			);
			name = Categories;
			sourceTree = "<group>";
		};
		1958604F1E818DD20088C7F9 /* Core Data */ = {
			isa = PBXGroup;
			children = (
				195860681E81AECA0088C7F9 /* Accessory+CoreDataClass.h */,
				195860691E81AECA0088C7F9 /* Accessory+CoreDataClass.m */,
				1958606A1E81AECA0088C7F9 /* Accessory+CoreDataProperties.h */,
				1958606B1E81AECA0088C7F9 /* Accessory+CoreDataProperties.m */,
				1958606C1E81AECA0088C7F9 /* Colors+CoreDataClass.h */,
				1958606D1E81AECA0088C7F9 /* Colors+CoreDataClass.m */,
				1958606E1E81AECA0088C7F9 /* Colors+CoreDataProperties.h */,
				1958606F1E81AECA0088C7F9 /* Colors+CoreDataProperties.m */,
				195860701E81AECA0088C7F9 /* Bench+CoreDataClass.h */,
				195860711E81AECA0088C7F9 /* Bench+CoreDataClass.m */,
				195860721E81AECA0088C7F9 /* Bench+CoreDataProperties.h */,
				195860731E81AECA0088C7F9 /* Bench+CoreDataProperties.m */,
				195860741E81AECA0088C7F9 /* Furniture+CoreDataClass.h */,
				195860751E81AECA0088C7F9 /* Furniture+CoreDataClass.m */,
				195860761E81AECA0088C7F9 /* Furniture+CoreDataProperties.h */,
				195860771E81AECA0088C7F9 /* Furniture+CoreDataProperties.m */,
				195860781E81AECA0088C7F9 /* Gallery+CoreDataClass.h */,
				195860791E81AECA0088C7F9 /* Gallery+CoreDataClass.m */,
				1958607A1E81AECA0088C7F9 /* Gallery+CoreDataProperties.h */,
				1958607B1E81AECA0088C7F9 /* Gallery+CoreDataProperties.m */,
			);
			name = "Core Data";
			sourceTree = "<group>";
		};
		EDBAEFF22DEE0B95572A262E /* Pods */ = {
			isa = PBXGroup;
			children = (
				B5E561D7E4B518FC6138EF1D /* Pods-fitnessmebel.debug.xcconfig */,
				A37071A8D2B9EA243A26566E /* Pods-fitnessmebel.release.xcconfig */,
			);
			name = Pods;
			sourceTree = "<group>";
		};
		FF231720829727401A3F41FB /* Frameworks */ = {
			isa = PBXGroup;
			children = (
				8811BF61947A0087FFA71F4E /* libPods-fitnessmebel.a */,
			);
			name = Frameworks;
			sourceTree = "<group>";
		};
/* End PBXGroup section */

/* Begin PBXNativeTarget section */
		1900417E1BD1C3C600D2A249 /* fitnessmebel */ = {
			isa = PBXNativeTarget;
			buildConfigurationList = 190041991BD1C3C600D2A249 /* Build configuration list for PBXNativeTarget "fitnessmebel" */;
			buildPhases = (
				736D79E7A793F4CCBE3E457C /* [CP] Check Pods Manifest.lock */,
				1900417B1BD1C3C600D2A249 /* Sources */,
				1900417C1BD1C3C600D2A249 /* Frameworks */,
				1900417D1BD1C3C600D2A249 /* Resources */,
				62AE0203E574529FBBBEC58A /* [CP] Embed Pods Frameworks */,
				CF95B003902F38D89ACC3A4D /* [CP] Copy Pods Resources */,
			);
			buildRules = (
			);
			dependencies = (
			);
			name = fitnessmebel;
			productName = fitnessmebel;
			productReference = 1900417F1BD1C3C600D2A249 /* fitnessmebel.app */;
			productType = "com.apple.product-type.application";
		};
/* End PBXNativeTarget section */

/* Begin PBXProject section */
		190041771BD1C3C600D2A249 /* Project object */ = {
			isa = PBXProject;
			attributes = {
				LastUpgradeCheck = 0810;
				ORGANIZATIONNAME = "I.T. Pulse";
				TargetAttributes = {
					1900417E1BD1C3C600D2A249 = {
						CreatedOnToolsVersion = 7.0;
						DevelopmentTeam = Z48WYVF59J;
						LastSwiftMigration = 0810;
					};
				};
			};
			buildConfigurationList = 1900417A1BD1C3C600D2A249 /* Build configuration list for PBXProject "fitnessmebel" */;
			compatibilityVersion = "Xcode 3.2";
			developmentRegion = English;
			hasScannedForEncodings = 0;
			knownRegions = (
				en,
				Base,
			);
			mainGroup = 190041761BD1C3C600D2A249;
			productRefGroup = 190041801BD1C3C600D2A249 /* Products */;
			projectDirPath = "";
			projectRoot = "";
			targets = (
				1900417E1BD1C3C600D2A249 /* fitnessmebel */,
			);
		};
/* End PBXProject section */

/* Begin PBXResourcesBuildPhase section */
		1900417D1BD1C3C600D2A249 /* Resources */ = {
			isa = PBXResourcesBuildPhase;
			buildActionMask = 2147483647;
			files = (
				1958601C1E7585470088C7F9 /* icons-1.png in Resources */,
				1958601D1E7585470088C7F9 /* icons-1old.png in Resources */,
				195860221E7585470088C7F9 /* safe.png in Resources */,
				195860421E818A830088C7F9 /* arrow.png in Resources */,
				195860171E7585470088C7F9 /* colors.png in Resources */,
				195860161E7585470088C7F9 /* CAB.png in Resources */,
				1958601B1E7585470088C7F9 /* home.png in Resources */,
				1958601A1E7585470088C7F9 /* gallery.png in Resources */,
				1958601E1E7585470088C7F9 /* lock.png in Resources */,
				195860141E7585470088C7F9 /* accessory.png in Resources */,
				195860241E7585470088C7F9 /* skameiki.png in Resources */,
				195860201E7585470088C7F9 /* map.png in Resources */,
				195860211E7585470088C7F9 /* reception.png in Resources */,
				195860151E7585470088C7F9 /* bar.png in Resources */,
				190041951BD1C3C600D2A249 /* LaunchScreen.storyboard in Resources */,
				190041921BD1C3C600D2A249 /* Assets.xcassets in Resources */,
				1958601F1E7585470088C7F9 /* mail.png in Resources */,
				195860431E818A830088C7F9 /* arrow@2x.png in Resources */,
				195860181E7585470088C7F9 /* contacts.png in Resources */,
				195860231E7585470088C7F9 /* shkafi.png in Resources */,
				195860191E7585470088C7F9 /* dressing_room.png in Resources */,
			);
			runOnlyForDeploymentPostprocessing = 0;
		};
/* End PBXResourcesBuildPhase section */

/* Begin PBXShellScriptBuildPhase section */
		62AE0203E574529FBBBEC58A /* [CP] Embed Pods Frameworks */ = {
			isa = PBXShellScriptBuildPhase;
			buildActionMask = 2147483647;
			files = (
			);
			inputPaths = (
			);
			name = "[CP] Embed Pods Frameworks";
			outputPaths = (
			);
			runOnlyForDeploymentPostprocessing = 0;
			shellPath = /bin/sh;
			shellScript = "\"${SRCROOT}/Pods/Target Support Files/Pods-fitnessmebel/Pods-fitnessmebel-frameworks.sh\"\n";
			showEnvVarsInLog = 0;
		};
		736D79E7A793F4CCBE3E457C /* [CP] Check Pods Manifest.lock */ = {
			isa = PBXShellScriptBuildPhase;
			buildActionMask = 2147483647;
			files = (
			);
			inputPaths = (
			);
			name = "[CP] Check Pods Manifest.lock";
			outputPaths = (
			);
			runOnlyForDeploymentPostprocessing = 0;
			shellPath = /bin/sh;
			shellScript = "diff \"${PODS_ROOT}/../Podfile.lock\" \"${PODS_ROOT}/Manifest.lock\" > /dev/null\nif [ $? != 0 ] ; then\n    # print error to STDERR\n    echo \"error: The sandbox is not in sync with the Podfile.lock. Run 'pod install' or update your CocoaPods installation.\" >&2\n    exit 1\nfi\n";
			showEnvVarsInLog = 0;
		};
		CF95B003902F38D89ACC3A4D /* [CP] Copy Pods Resources */ = {
			isa = PBXShellScriptBuildPhase;
			buildActionMask = 2147483647;
			files = (
			);
			inputPaths = (
			);
			name = "[CP] Copy Pods Resources";
			outputPaths = (
			);
			runOnlyForDeploymentPostprocessing = 0;
			shellPath = /bin/sh;
			shellScript = "\"${SRCROOT}/Pods/Target Support Files/Pods-fitnessmebel/Pods-fitnessmebel-resources.sh\"\n";
			showEnvVarsInLog = 0;
		};
/* End PBXShellScriptBuildPhase section */

/* Begin PBXSourcesBuildPhase section */
		1900417B1BD1C3C600D2A249 /* Sources */ = {
			isa = PBXSourcesBuildPhase;
			buildActionMask = 2147483647;
			files = (
				190041871BD1C3C600D2A249 /* AppDelegate.m in Sources */,
				1958602E1E801BB80088C7F9 /* AVFurnitureTableViewController.m in Sources */,
				19E69C511E71B7CF00DD79FE /* AVMenuTableViewController.m in Sources */,
				1958602B1E76F1640088C7F9 /* AVRestKitObjectManager.m in Sources */,
				195860461E818B530088C7F9 /* AVCellThumbnailView.m in Sources */,
				195860311E801C7E0088C7F9 /* AVGalleryCollectionViewController.m in Sources */,
				1958604E1E818C320088C7F9 /* NSString+Marvel.m in Sources */,
				1958603E1E818A490088C7F9 /* AllAroundPullView.m in Sources */,
				190041901BD1C3C600D2A249 /* fitnessmebel.xcdatamodeld in Sources */,
				19585FFB1E72D3690088C7F9 /* AVFurnitureDetailedCell.m in Sources */,
				190041841BD1C3C600D2A249 /* main.m in Sources */,
				195860341E801C970088C7F9 /* AVColorsCollectionViewController.m in Sources */,
				19585FFE1E7494270088C7F9 /* AVMenuCell.m in Sources */,
				195860371E801CBD0088C7F9 /* AVContactsViewController.m in Sources */,
				195860281E7587970088C7F9 /* AVMenuItem.m in Sources */,
				1958604D1E818C320088C7F9 /* UIImage+Resize.m in Sources */,
			);
			runOnlyForDeploymentPostprocessing = 0;
		};
/* End PBXSourcesBuildPhase section */

/* Begin PBXVariantGroup section */
		190041931BD1C3C600D2A249 /* LaunchScreen.storyboard */ = {
			isa = PBXVariantGroup;
			children = (
				190041941BD1C3C600D2A249 /* Base */,
			);
			name = LaunchScreen.storyboard;
			sourceTree = "<group>";
		};
/* End PBXVariantGroup section */

/* Begin XCBuildConfiguration section */
		190041971BD1C3C600D2A249 /* Debug */ = {
			isa = XCBuildConfiguration;
			buildSettings = {
				ALWAYS_SEARCH_USER_PATHS = NO;
				CLANG_CXX_LANGUAGE_STANDARD = "gnu++0x";
				CLANG_CXX_LIBRARY = "libc++";
				CLANG_ENABLE_MODULES = YES;
				CLANG_ENABLE_OBJC_ARC = YES;
				CLANG_WARN_BOOL_CONVERSION = YES;
				CLANG_WARN_CONSTANT_CONVERSION = YES;
				CLANG_WARN_DIRECT_OBJC_ISA_USAGE = YES_ERROR;
				CLANG_WARN_EMPTY_BODY = YES;
				CLANG_WARN_ENUM_CONVERSION = YES;
				CLANG_WARN_INFINITE_RECURSION = YES;
				CLANG_WARN_INT_CONVERSION = YES;
				CLANG_WARN_OBJC_ROOT_CLASS = YES_ERROR;
				CLANG_WARN_SUSPICIOUS_MOVE = YES;
				CLANG_WARN_UNREACHABLE_CODE = YES;
				CLANG_WARN__DUPLICATE_METHOD_MATCH = YES;
				"CODE_SIGN_IDENTITY[sdk=iphoneos*]" = "iPhone Developer";
				COPY_PHASE_STRIP = NO;
				DEBUG_INFORMATION_FORMAT = dwarf;
				ENABLE_STRICT_OBJC_MSGSEND = YES;
				ENABLE_TESTABILITY = YES;
				GCC_C_LANGUAGE_STANDARD = gnu99;
				GCC_DYNAMIC_NO_PIC = NO;
				GCC_NO_COMMON_BLOCKS = YES;
				GCC_OPTIMIZATION_LEVEL = 0;
				GCC_PREPROCESSOR_DEFINITIONS = (
					"DEBUG=1",
					"$(inherited)",
				);
				GCC_WARN_64_TO_32_BIT_CONVERSION = YES;
				GCC_WARN_ABOUT_RETURN_TYPE = YES_ERROR;
				GCC_WARN_UNDECLARED_SELECTOR = YES;
				GCC_WARN_UNINITIALIZED_AUTOS = YES_AGGRESSIVE;
				GCC_WARN_UNUSED_FUNCTION = YES;
				GCC_WARN_UNUSED_VARIABLE = YES;
				IPHONEOS_DEPLOYMENT_TARGET = 9.0;
				MTL_ENABLE_DEBUG_INFO = YES;
				ONLY_ACTIVE_ARCH = YES;
				SDKROOT = iphoneos;
				TARGETED_DEVICE_FAMILY = "1,2";
			};
			name = Debug;
		};
		190041981BD1C3C600D2A249 /* Release */ = {
			isa = XCBuildConfiguration;
			buildSettings = {
				ALWAYS_SEARCH_USER_PATHS = NO;
				CLANG_CXX_LANGUAGE_STANDARD = "gnu++0x";
				CLANG_CXX_LIBRARY = "libc++";
				CLANG_ENABLE_MODULES = YES;
				CLANG_ENABLE_OBJC_ARC = YES;
				CLANG_WARN_BOOL_CONVERSION = YES;
				CLANG_WARN_CONSTANT_CONVERSION = YES;
				CLANG_WARN_DIRECT_OBJC_ISA_USAGE = YES_ERROR;
				CLANG_WARN_EMPTY_BODY = YES;
				CLANG_WARN_ENUM_CONVERSION = YES;
				CLANG_WARN_INFINITE_RECURSION = YES;
				CLANG_WARN_INT_CONVERSION = YES;
				CLANG_WARN_OBJC_ROOT_CLASS = YES_ERROR;
				CLANG_WARN_SUSPICIOUS_MOVE = YES;
				CLANG_WARN_UNREACHABLE_CODE = YES;
				CLANG_WARN__DUPLICATE_METHOD_MATCH = YES;
				"CODE_SIGN_IDENTITY[sdk=iphoneos*]" = "iPhone Developer";
				COPY_PHASE_STRIP = NO;
				DEBUG_INFORMATION_FORMAT = "dwarf-with-dsym";
				ENABLE_NS_ASSERTIONS = NO;
				ENABLE_STRICT_OBJC_MSGSEND = YES;
				GCC_C_LANGUAGE_STANDARD = gnu99;
				GCC_NO_COMMON_BLOCKS = YES;
				GCC_WARN_64_TO_32_BIT_CONVERSION = YES;
				GCC_WARN_ABOUT_RETURN_TYPE = YES_ERROR;
				GCC_WARN_UNDECLARED_SELECTOR = YES;
				GCC_WARN_UNINITIALIZED_AUTOS = YES_AGGRESSIVE;
				GCC_WARN_UNUSED_FUNCTION = YES;
				GCC_WARN_UNUSED_VARIABLE = YES;
				IPHONEOS_DEPLOYMENT_TARGET = 9.0;
				MTL_ENABLE_DEBUG_INFO = NO;
				SDKROOT = iphoneos;
				TARGETED_DEVICE_FAMILY = "1,2";
				VALIDATE_PRODUCT = YES;
			};
			name = Release;
		};
		1900419A1BD1C3C600D2A249 /* Debug */ = {
			isa = XCBuildConfiguration;
			baseConfigurationReference = B5E561D7E4B518FC6138EF1D /* Pods-fitnessmebel.debug.xcconfig */;
			buildSettings = {
				ASSETCATALOG_COMPILER_APPICON_NAME = AppIcon;
				CLANG_ENABLE_MODULES = YES;
				DEVELOPMENT_TEAM = Z48WYVF59J;
				GCC_PRECOMPILE_PREFIX_HEADER = YES;
				GCC_PREFIX_HEADER = "fitnessmebel/Fitnessmebel-Prefix.pch";
				HEADER_SEARCH_PATHS = (
					"$(inherited)/**",
					"\"${PODS_ROOT}/Headers/Public\"/**",
					"\"${PODS_ROOT}/Headers/Public/AFNetworking\"/**",
					"\"${PODS_ROOT}/Headers/Public/AMWaveTransition\"/**",
					"\"${PODS_ROOT}/Headers/Public/ISO8601DateFormatterValueTransformer\"/**",
					"\"${PODS_ROOT}/Headers/Public/Masonry\"/**",
					"\"${PODS_ROOT}/Headers/Public/RKValueTransformers\"/**",
					"\"${PODS_ROOT}/Headers/Public/RestKit\"/**",
					"\"${PODS_ROOT}/Headers/Public/SOCKit\"/**",
					"\"${PODS_ROOT}/Headers/Public/TransitionKit\"/**",
				);
				INFOPLIST_FILE = fitnessmebel/Info.plist;
				IPHONEOS_DEPLOYMENT_TARGET = 10.1;
				LD_RUNPATH_SEARCH_PATHS = "$(inherited) @executable_path/Frameworks";
				PRODUCT_BUNDLE_IDENTIFIER = com.it.pulse.fitnessmebel;
				PRODUCT_NAME = "$(TARGET_NAME)";
				SWIFT_OPTIMIZATION_LEVEL = "-Onone";
				SWIFT_VERSION = 3.0;
			};
			name = Debug;
		};
		1900419B1BD1C3C600D2A249 /* Release */ = {
			isa = XCBuildConfiguration;
			baseConfigurationReference = A37071A8D2B9EA243A26566E /* Pods-fitnessmebel.release.xcconfig */;
			buildSettings = {
				ASSETCATALOG_COMPILER_APPICON_NAME = AppIcon;
				CLANG_ENABLE_MODULES = YES;
				DEVELOPMENT_TEAM = Z48WYVF59J;
				GCC_PRECOMPILE_PREFIX_HEADER = YES;
				GCC_PREFIX_HEADER = "fitnessmebel/Fitnessmebel-Prefix.pch";
				HEADER_SEARCH_PATHS = (
					"$(inherited)/**",
					"\"${PODS_ROOT}/Headers/Public\"/**",
					"\"${PODS_ROOT}/Headers/Public/AFNetworking\"/**",
					"\"${PODS_ROOT}/Headers/Public/AMWaveTransition\"/**",
					"\"${PODS_ROOT}/Headers/Public/ISO8601DateFormatterValueTransformer\"/**",
					"\"${PODS_ROOT}/Headers/Public/Masonry\"/**",
					"\"${PODS_ROOT}/Headers/Public/RKValueTransformers\"/**",
					"\"${PODS_ROOT}/Headers/Public/RestKit\"/**",
					"\"${PODS_ROOT}/Headers/Public/SOCKit\"/**",
					"\"${PODS_ROOT}/Headers/Public/TransitionKit\"/**",
				);
				INFOPLIST_FILE = fitnessmebel/Info.plist;
				IPHONEOS_DEPLOYMENT_TARGET = 10.1;
				LD_RUNPATH_SEARCH_PATHS = "$(inherited) @executable_path/Frameworks";
				PRODUCT_BUNDLE_IDENTIFIER = com.it.pulse.fitnessmebel;
				PRODUCT_NAME = "$(TARGET_NAME)";
				SWIFT_VERSION = 3.0;
			};
			name = Release;
		};
/* End XCBuildConfiguration section */

/* Begin XCConfigurationList section */
		1900417A1BD1C3C600D2A249 /* Build configuration list for PBXProject "fitnessmebel" */ = {
			isa = XCConfigurationList;
			buildConfigurations = (
				190041971BD1C3C600D2A249 /* Debug */,
				190041981BD1C3C600D2A249 /* Release */,
			);
			defaultConfigurationIsVisible = 0;
			defaultConfigurationName = Release;
		};
		190041991BD1C3C600D2A249 /* Build configuration list for PBXNativeTarget "fitnessmebel" */ = {
			isa = XCConfigurationList;
			buildConfigurations = (
				1900419A1BD1C3C600D2A249 /* Debug */,
				1900419B1BD1C3C600D2A249 /* Release */,
			);
			defaultConfigurationIsVisible = 0;
			defaultConfigurationName = Release;
		};
/* End XCConfigurationList section */

/* Begin XCVersionGroup section */
		1900418E1BD1C3C600D2A249 /* fitnessmebel.xcdatamodeld */ = {
			isa = XCVersionGroup;
			children = (
				1900418F1BD1C3C600D2A249 /* fitnessmebel.xcdatamodel */,
			);
			currentVersion = 1900418F1BD1C3C600D2A249 /* fitnessmebel.xcdatamodel */;
			path = fitnessmebel.xcdatamodeld;
			sourceTree = "<group>";
			versionGroupType = wrapper.xcdatamodel;
		};
/* End XCVersionGroup section */
	};
	rootObject = 190041771BD1C3C600D2A249 /* Project object */;
}
